
Microsoft Visual Studio Solution File, Format Version 12.00
# Visual Studio 15
VisualStudioVersion = 15.0.28307.902
MinimumVisualStudioVersion = 10.0.40219.1
Project("{FAE04EC0-301F-11D3-BF4B-00C04F79EFBC}") = "SportsStore.Domain", "SportsStore.Domain\SportsStore.Domain.csproj", "{C91D5878-1C5A-4EF6-B684-35CDB28F5CD3}"
EndProject
Project("{FAE04EC0-301F-11D3-BF4B-00C04F79EFBC}") = "SportsStore.UnitTests", "SportsStore.UnitTests\SportsStore.UnitTests.csproj", "{72EC2AF2-06BC-46AA-B1CA-8CB905C42B42}"
EndProject
Project("{FAE04EC0-301F-11D3-BF4B-00C04F79EFBC}") = "SportsStore.WebUI", "SportsStore.WebUI\SportsStore.WebUI.csproj", "{94A088B1-E681-4086-8C6A-CE12DC38052C}"
EndProject
Global
	GlobalSection(SolutionConfigurationPlatforms) = preSolution
		Debug|Any CPU = Debug|Any CPU
		Release|Any CPU = Release|Any CPU
	EndGlobalSection
	GlobalSection(ProjectConfigurationPlatforms) = postSolution
		{C91D5878-1C5A-4EF6-B684-35CDB28F5CD3}.Debug|Any CPU.ActiveCfg = Debug|Any CPU
		{C91D5878-1C5A-4EF6-B684-35CDB28F5CD3}.Debug|Any CPU.Build.0 = Debug|Any CPU
		{C91D5878-1C5A-4EF6-B684-35CDB28F5CD3}.Release|Any CPU.ActiveCfg = Release|Any CPU
		{C91D5878-1C5A-4EF6-B684-35CDB28F5CD3}.Release|Any CPU.Build.0 = Release|Any CPU
		{72EC2AF2-06BC-46AA-B1CA-8CB905C42B42}.Debug|Any CPU.ActiveCfg = Debug|Any CPU
		{72EC2AF2-06BC-46AA-B1CA-8CB905C42B42}.Debug|Any CPU.Build.0 = Debug|Any CPU
		{72EC2AF2-06BC-46AA-B1CA-8CB905C42B42}.Release|Any CPU.ActiveCfg = Release|Any CPU
		{72EC2AF2-06BC-46AA-B1CA-8CB905C42B42}.Release|Any CPU.Build.0 = Release|Any CPU
		{94A088B1-E681-4086-8C6A-CE12DC38052C}.Debug|Any CPU.ActiveCfg = Debug|Any CPU
		{94A088B1-E681-4086-8C6A-CE12DC38052C}.Debug|Any CPU.Build.0 = Debug|Any CPU
		{94A088B1-E681-4086-8C6A-CE12DC38052C}.Release|Any CPU.ActiveCfg = Release|Any CPU
		{94A088B1-E681-4086-8C6A-CE12DC38052C}.Release|Any CPU.Build.0 = Release|Any CPU
	EndGlobalSection
	GlobalSection(SolutionProperties) = preSolution
		HideSolutionNode = FALSE
	EndGlobalSection
	GlobalSection(ExtensibilityGlobals) = postSolution
		SolutionGuid = {6DFC5FB4-E022-4E03-A36B-760EEF937006}
	EndGlobalSection
EndGlobal
